
Microsoft Visual Studio Solution File, Format Version 12.00
# Visual Studio 14
VisualStudioVersion = 14.0.25420.1
MinimumVisualStudioVersion = 10.0.40219.1
Project("{FAE04EC0-301F-11D3-BF4B-00C04F79EFBC}") = "NusbioMatrix.Console", "NusbioMatrixConsole\NusbioMatrix.Console.csproj", "{DADC1AE4-62BC-4C7E-938A-E9BD67E29C5B}"
EndProject
Project("{FAE04EC0-301F-11D3-BF4B-00C04F79EFBC}") = "MadeInTheUSB.MCU.Lib", "MadeInTheUSB.MCU.Lib\MadeInTheUSB.MCU.Lib.csproj", "{AA0ED0B9-69AE-43FC-84F3-C69D2D9D8477}"
EndProject
Project("{FAE04EC0-301F-11D3-BF4B-00C04F79EFBC}") = "NusbioPixel.Console", "NusbioPixelConsole\NusbioPixel.Console.csproj", "{6D027E82-CB8B-4A19-8DEC-6FE68395D2A6}"
EndProject
Project("{FAE04EC0-301F-11D3-BF4B-00C04F79EFBC}") = "NusbioSensorConsole", "NusbioSensorConsole\NusbioSensorConsole.csproj", "{E7F8F330-EE69-4DFD-BFA6-7DE806668F3D}"
EndProject
Project("{FAE04EC0-301F-11D3-BF4B-00C04F79EFBC}") = "NusbioFirmwareLoader", "NusbioFirmwareLoader\NusbioFirmwareLoader.csproj", "{B5310562-B852-4D95-9409-7E506BF15C73}"
EndProject
Project("{F184B08F-C81C-45F6-A57F-5ABD9991F28F}") = "NusbioPixelConsole.VB", "NusbioPixelConsole.VB\NusbioPixelConsole.VB.vbproj", "{61A03910-A3D1-444A-8757-A525A8EFCDA0}"
EndProject
Project("{FAE04EC0-301F-11D3-BF4B-00C04F79EFBC}") = "NusbioPixel.Console.PowerShell", "NusbioPixelConsole.PS1\NusbioPixel.Console.PowerShell.csproj", "{F8BEE633-3477-4B25-97AB-DDC34EA11E86}"
EndProject
Project("{FAE04EC0-301F-11D3-BF4B-00C04F79EFBC}") = "MadeInTheUSB.Nusbio.WebClient", "MadeInTheUSB.Nusbio.WebClient\MadeInTheUSB.Nusbio.WebClient\MadeInTheUSB.Nusbio.WebClient.csproj", "{C152E905-1681-4466-B185-9FDC9EA5ECCC}"
EndProject
Project("{F2A71F9B-5D33-465A-A702-920D77279786}") = "NusbioPixel.FSharp.Demo", "NusbioPixel.FSharp.Demo\NusbioPixel.FSharp.Demo.fsproj", "{B3C570A8-DBFA-4B39-A81A-D723D802999C}"
EndProject
Global
	GlobalSection(SolutionConfigurationPlatforms) = preSolution
		Debug|Any CPU = Debug|Any CPU
		Release|Any CPU = Release|Any CPU
	EndGlobalSection
	GlobalSection(ProjectConfigurationPlatforms) = postSolution
		{DADC1AE4-62BC-4C7E-938A-E9BD67E29C5B}.Debug|Any CPU.ActiveCfg = Debug|Any CPU
		{DADC1AE4-62BC-4C7E-938A-E9BD67E29C5B}.Debug|Any CPU.Build.0 = Debug|Any CPU
		{DADC1AE4-62BC-4C7E-938A-E9BD67E29C5B}.Release|Any CPU.ActiveCfg = Release|Any CPU
		{DADC1AE4-62BC-4C7E-938A-E9BD67E29C5B}.Release|Any CPU.Build.0 = Release|Any CPU
		{AA0ED0B9-69AE-43FC-84F3-C69D2D9D8477}.Debug|Any CPU.ActiveCfg = Debug|Any CPU
		{AA0ED0B9-69AE-43FC-84F3-C69D2D9D8477}.Debug|Any CPU.Build.0 = Debug|Any CPU
		{AA0ED0B9-69AE-43FC-84F3-C69D2D9D8477}.Release|Any CPU.ActiveCfg = Release|Any CPU
		{AA0ED0B9-69AE-43FC-84F3-C69D2D9D8477}.Release|Any CPU.Build.0 = Release|Any CPU
		{6D027E82-CB8B-4A19-8DEC-6FE68395D2A6}.Debug|Any CPU.ActiveCfg = Debug|Any CPU
		{6D027E82-CB8B-4A19-8DEC-6FE68395D2A6}.Debug|Any CPU.Build.0 = Debug|Any CPU
		{6D027E82-CB8B-4A19-8DEC-6FE68395D2A6}.Release|Any CPU.ActiveCfg = Release|Any CPU
		{6D027E82-CB8B-4A19-8DEC-6FE68395D2A6}.Release|Any CPU.Build.0 = Release|Any CPU
		{E7F8F330-EE69-4DFD-BFA6-7DE806668F3D}.Debug|Any CPU.ActiveCfg = Debug|Any CPU
		{E7F8F330-EE69-4DFD-BFA6-7DE806668F3D}.Debug|Any CPU.Build.0 = Debug|Any CPU
		{E7F8F330-EE69-4DFD-BFA6-7DE806668F3D}.Release|Any CPU.ActiveCfg = Release|Any CPU
		{E7F8F330-EE69-4DFD-BFA6-7DE806668F3D}.Release|Any CPU.Build.0 = Release|Any CPU
		{B5310562-B852-4D95-9409-7E506BF15C73}.Debug|Any CPU.ActiveCfg = Debug|Any CPU
		{B5310562-B852-4D95-9409-7E506BF15C73}.Debug|Any CPU.Build.0 = Debug|Any CPU
		{B5310562-B852-4D95-9409-7E506BF15C73}.Release|Any CPU.ActiveCfg = Release|Any CPU
		{B5310562-B852-4D95-9409-7E506BF15C73}.Release|Any CPU.Build.0 = Release|Any CPU
		{61A03910-A3D1-444A-8757-A525A8EFCDA0}.Debug|Any CPU.ActiveCfg = Debug|Any CPU
		{61A03910-A3D1-444A-8757-A525A8EFCDA0}.Debug|Any CPU.Build.0 = Debug|Any CPU
		{61A03910-A3D1-444A-8757-A525A8EFCDA0}.Release|Any CPU.ActiveCfg = Release|Any CPU
		{61A03910-A3D1-444A-8757-A525A8EFCDA0}.Release|Any CPU.Build.0 = Release|Any CPU
		{F8BEE633-3477-4B25-97AB-DDC34EA11E86}.Debug|Any CPU.ActiveCfg = Debug|Any CPU
		{F8BEE633-3477-4B25-97AB-DDC34EA11E86}.Debug|Any CPU.Build.0 = Debug|Any CPU
		{F8BEE633-3477-4B25-97AB-DDC34EA11E86}.Release|Any CPU.ActiveCfg = Release|Any CPU
		{F8BEE633-3477-4B25-97AB-DDC34EA11E86}.Release|Any CPU.Build.0 = Release|Any CPU
		{C152E905-1681-4466-B185-9FDC9EA5ECCC}.Debug|Any CPU.ActiveCfg = Debug|Any CPU
		{C152E905-1681-4466-B185-9FDC9EA5ECCC}.Debug|Any CPU.Build.0 = Debug|Any CPU
		{C152E905-1681-4466-B185-9FDC9EA5ECCC}.Release|Any CPU.ActiveCfg = Release|Any CPU
		{C152E905-1681-4466-B185-9FDC9EA5ECCC}.Release|Any CPU.Build.0 = Release|Any CPU
		{B3C570A8-DBFA-4B39-A81A-D723D802999C}.Debug|Any CPU.ActiveCfg = Debug|Any CPU
		{B3C570A8-DBFA-4B39-A81A-D723D802999C}.Debug|Any CPU.Build.0 = Debug|Any CPU
		{B3C570A8-DBFA-4B39-A81A-D723D802999C}.Release|Any CPU.ActiveCfg = Release|Any CPU
		{B3C570A8-DBFA-4B39-A81A-D723D802999C}.Release|Any CPU.Build.0 = Release|Any CPU
	EndGlobalSection
	GlobalSection(SolutionProperties) = preSolution
		HideSolutionNode = FALSE
	EndGlobalSection
EndGlobal
