
Microsoft Visual Studio Solution File, Format Version 12.00
# Visual Studio 14
VisualStudioVersion = 14.0.25420.1
MinimumVisualStudioVersion = 10.0.40219.1
Project("{FAE04EC0-301F-11D3-BF4B-00C04F79EFBC}") = "NusbioMatrix.Console", "NusbioMatrixConsole\NusbioMatrix.Console.csproj", "{DADC1AE4-62BC-4C7E-938A-E9BD67E29C5B}"
EndProject
Project("{FAE04EC0-301F-11D3-BF4B-00C04F79EFBC}") = "MadeInTheUSB.MCU.Lib", "MadeInTheUSB.MCU.Lib\MadeInTheUSB.MCU.Lib.csproj", "{AA0ED0B9-69AE-43FC-84F3-C69D2D9D8477}"
EndProject
Project("{FAE04EC0-301F-11D3-BF4B-00C04F79EFBC}") = "NusbioPixel.Console", "NusbioPixelConsole\NusbioPixel.Console.csproj", "{6D027E82-CB8B-4A19-8DEC-6FE68395D2A6}"
EndProject
Global
	GlobalSection(SolutionConfigurationPlatforms) = preSolution
		Debug|Any CPU = Debug|Any CPU
		Release|Any CPU = Release|Any CPU
	EndGlobalSection
	GlobalSection(ProjectConfigurationPlatforms) = postSolution
		{DADC1AE4-62BC-4C7E-938A-E9BD67E29C5B}.Debug|Any CPU.ActiveCfg = Debug|Any CPU
		{DADC1AE4-62BC-4C7E-938A-E9BD67E29C5B}.Debug|Any CPU.Build.0 = Debug|Any CPU
		{DADC1AE4-62BC-4C7E-938A-E9BD67E29C5B}.Release|Any CPU.ActiveCfg = Release|Any CPU
		{DADC1AE4-62BC-4C7E-938A-E9BD67E29C5B}.Release|Any CPU.Build.0 = Release|Any CPU
		{AA0ED0B9-69AE-43FC-84F3-C69D2D9D8477}.Debug|Any CPU.ActiveCfg = Debug|Any CPU
		{AA0ED0B9-69AE-43FC-84F3-C69D2D9D8477}.Debug|Any CPU.Build.0 = Debug|Any CPU
		{AA0ED0B9-69AE-43FC-84F3-C69D2D9D8477}.Release|Any CPU.ActiveCfg = Release|Any CPU
		{AA0ED0B9-69AE-43FC-84F3-C69D2D9D8477}.Release|Any CPU.Build.0 = Release|Any CPU
		{6D027E82-CB8B-4A19-8DEC-6FE68395D2A6}.Debug|Any CPU.ActiveCfg = Debug|Any CPU
		{6D027E82-CB8B-4A19-8DEC-6FE68395D2A6}.Debug|Any CPU.Build.0 = Debug|Any CPU
		{6D027E82-CB8B-4A19-8DEC-6FE68395D2A6}.Release|Any CPU.ActiveCfg = Release|Any CPU
		{6D027E82-CB8B-4A19-8DEC-6FE68395D2A6}.Release|Any CPU.Build.0 = Release|Any CPU
	EndGlobalSection
	GlobalSection(SolutionProperties) = preSolution
		HideSolutionNode = FALSE
	EndGlobalSection
EndGlobal
